<Solution>
  <Folder Name="/grafana_config/">
    <File Path="AspireRoboMonitor/grafana-datasource.yaml" />
    <File Path="grafana-dashboards.yaml" />
  </Folder>
  <Folder Name="/grafana_config/dashboards/" />
  <Folder Name="/grafana_config/dashboards/Herlev Hospital/" />
  <Folder Name="/grafana_config/dashboards/OUH/" />
  <Folder Name="/prometheus_config/">
    <File Path="AspireRoboMonitor/prometheus.yml" />
  </Folder>
  <Folder Name="/Solution Items/">
    <File Path=".github/workflows/build-api.yml" />
    <File Path="AspireRoboMonitor/prometheus.yml" />
    <File Path="docker-compose.override.yml" />
    <File Path="docker-compose.yml" />
    <File Path="README.md" />
  </Folder>
  <Project Path="AspireRoboMonitor/AspireRoboMonitor.csproj" />
  <Project Path="RoboMonitor.ServiceDefaults/RoboMonitor.ServiceDefaults.csproj" />
  <Project Path="RoboMonitor/RoboMonitor.csproj" />
</Solution>
