<Solution>
  <Folder Name="/grafana_config/">
    <File Path="grafana_config/grafana-dashboards.yaml" />
    <File Path="grafana_config/grafana-datasource.yaml" />
  </Folder>
  <Folder Name="/grafana_config/dashboards/" />
  <Folder Name="/grafana_config/dashboards/Herlev Hospital/">
    <File Path="grafana_config/dashboards/Herlev Hospital/Historik-1773660295971.json" />
    <File Path="grafana_config/dashboards/Herlev Hospital/Tabeloversigt-1773660266863.json" />
  </Folder>
  <Folder Name="/grafana_config/dashboards/OUH/">
    <File Path="grafana_config/dashboards/OUH/Tabeloversigt-1773660320656.json" />
  </Folder>
  <Folder Name="/prometheus_config/">
    <File Path="prometheus_config/prometheus.yml" />
  </Folder>
  <Folder Name="/Solution Items/">
    <File Path=".env" />
    <File Path=".github/workflows/build-api.yml" />
    <File Path="docker-compose.override.yml" />
    <File Path="docker-compose.yml" />
    <File Path="README.md" />
  </Folder>
  <Project Path="AspireRoboMonitor/AspireRoboMonitor.csproj" />
  <Project Path="RoboMonitor.ServiceDefaults/RoboMonitor.ServiceDefaults.csproj" />
  <Project Path="RoboMonitor/RoboMonitor.csproj" />
</Solution>
